{
  "nodes": {
    "home-manager": {
      "inputs": {
        "nixpkgs": [
          "nixpkgs"
        ]
      },
      "locked": {
        "lastModified": 1767024057,
        "narHash": "sha256-B1aycRjMRvb6QOGbnqDhiDzZwMebj5jxZ5qyJzaKvpI=",
        "owner": "nix-community",
        "repo": "home-manager",
        "rev": "34578a2fdfce4257ce5f5baf6e7efbd4e4e252b1",
        "type": "github"
      },
      "original": {
        "owner": "nix-community",
        "ref": "release-25.11",
        "repo": "home-manager",
        "type": "github"
      }
    },
    "nixpkgs": {
      "locked": {
        "lastModified": 1767215747,
        "narHash": "sha256-3dEscMJvQ4fOg4ZLZrScZCoJFeo+AlL0UFCIO9S3+D8=",
        "owner": "nixos",
        "repo": "nixpkgs",
        "rev": "463ba272ba18bde2bb177b4afa49c38532798df7",
        "type": "github"
      },
      "original": {
        "owner": "nixos",
        "ref": "release-25.11",
        "repo": "nixpkgs",
        "type": "github"
      }
    },
    "nixpkgs_2": {
      "locked": {
        "lastModified": 1766070988,
        "narHash": "sha256-G/WVghka6c4bAzMhTwT2vjLccg/awmHkdKSd2JrycLc=",
        "owner": "nixos",
        "repo": "nixpkgs",
        "rev": "c6245e83d836d0433170a16eb185cefe0572f8b8",
        "type": "github"
      },
      "original": {
        "owner": "nixos",
        "ref": "nixos-unstable",
        "repo": "nixpkgs",
        "type": "github"
      }
    },
    "root": {
      "inputs": {
        "home-manager": "home-manager",
        "nixpkgs": "nixpkgs",
        "zen-browser": "zen-browser"
      }
    },
    "zen-browser": {
      "inputs": {
        "nixpkgs": "nixpkgs_2"
      },
      "locked": {
        "lastModified": 1766377218,
        "narHash": "sha256-y3g3OqPB0tmRjbHJNnJKivSQRtAJR+/9S1xbxBWEatg=",
        "owner": "youwen5",
        "repo": "zen-browser-flake",
        "rev": "2f61341b32dd69c07e147188e67e09ba2bb99c33",
        "type": "github"
      },
      "original": {
        "owner": "youwen5",
        "repo": "zen-browser-flake",
        "type": "github"
      }
    }
  },
  "root": "root",
  "version": 7
}
